# THIS IS AN AUTOGENERATED FILE. DO NOT EDIT THIS FILE DIRECTLY.
# yarn lockfile v1


"@master-style-original@npm:@master/style@^1.2.0":
  version "1.2.0"
  resolved "https://registry.yarnpkg.com/@master/style/-/style-1.2.0.tgz#6d61a6e192b49c64ec316c3f6c2fef373a552df6"
  integrity sha512-7ecCxNYUt0XhUrHbbkQdqDo6W8ypI10vsUQ1L2OHXUcgO5zBbyLV1R4pHJ6ucuCsg7MIv5eSyLwDjaqidYgKqQ==
